
Microsoft Visual Studio Solution File, Format Version 12.00
# Visual Studio Version 16
VisualStudioVersion = 16.0.30114.105
MinimumVisualStudioVersion = 10.0.40219.1
Project("{2150E333-8FDC-42A3-9474-1A3956D46DE8}") = "Foundation.Web", "Foundation.Web", "{C28BDFC9-C216-4C8B-9D4A-33BD2532ED6E}"
EndProject
Project("{FAE04EC0-301F-11D3-BF4B-00C04F79EFBC}") = "Foundation.Web", "src\Foundation.Web\Foundation.Web.csproj", "{667DF39F-3870-4A60-948A-DD435878B20E}"
EndProject
Global
	GlobalSection(SolutionConfigurationPlatforms) = preSolution
		Debug|Any CPU = Debug|Any CPU
		Release|Any CPU = Release|Any CPU
	EndGlobalSection
	GlobalSection(SolutionProperties) = preSolution
		HideSolutionNode = FALSE
	EndGlobalSection
	GlobalSection(ProjectConfigurationPlatforms) = postSolution
		{667DF39F-3870-4A60-948A-DD435878B20E}.Debug|Any CPU.ActiveCfg = Debug|Any CPU
		{667DF39F-3870-4A60-948A-DD435878B20E}.Debug|Any CPU.Build.0 = Debug|Any CPU
		{667DF39F-3870-4A60-948A-DD435878B20E}.Release|Any CPU.ActiveCfg = Release|Any CPU
		{667DF39F-3870-4A60-948A-DD435878B20E}.Release|Any CPU.Build.0 = Release|Any CPU
	EndGlobalSection
	GlobalSection(NestedProjects) = preSolution
		{667DF39F-3870-4A60-948A-DD435878B20E} = {C28BDFC9-C216-4C8B-9D4A-33BD2532ED6E}
	EndGlobalSection
EndGlobal
